
Microsoft Visual Studio Solution File, Format Version 12.00
# Visual Studio Version 16
VisualStudioVersion = 16.0.30225.117
MinimumVisualStudioVersion = 10.0.40219.1
Project("{FAE04EC0-301F-11D3-BF4B-00C04F79EFBC}") = "methods_enum_final", "methods_enum_final\methods_enum_final.csproj", "{C94453C6-DAC0-4941-8BB5-E25091E926A9}"
EndProject
Global
	GlobalSection(SolutionConfigurationPlatforms) = preSolution
		Debug|Any CPU = Debug|Any CPU
		Release|Any CPU = Release|Any CPU
	EndGlobalSection
	GlobalSection(ProjectConfigurationPlatforms) = postSolution
		{C94453C6-DAC0-4941-8BB5-E25091E926A9}.Debug|Any CPU.ActiveCfg = Debug|Any CPU
		{C94453C6-DAC0-4941-8BB5-E25091E926A9}.Debug|Any CPU.Build.0 = Debug|Any CPU
		{C94453C6-DAC0-4941-8BB5-E25091E926A9}.Release|Any CPU.ActiveCfg = Release|Any CPU
		{C94453C6-DAC0-4941-8BB5-E25091E926A9}.Release|Any CPU.Build.0 = Release|Any CPU
	EndGlobalSection
	GlobalSection(SolutionProperties) = preSolution
		HideSolutionNode = FALSE
	EndGlobalSection
	GlobalSection(ExtensibilityGlobals) = postSolution
		SolutionGuid = {7AFDD4F5-7EE1-4A4F-A7C0-7855CA240511}
	EndGlobalSection
EndGlobal
