
Microsoft Visual Studio Solution File, Format Version 12.00
# Visual Studio Version 16
VisualStudioVersion = 16.0.30225.117
MinimumVisualStudioVersion = 10.0.40219.1
Project("{FAE04EC0-301F-11D3-BF4B-00C04F79EFBC}") = "ConsoleApp2", "ConsoleApp2\ConsoleApp2.csproj", "{4F09443E-F384-4279-BE91-41F0E8CE0C6B}"
EndProject
Global
	GlobalSection(SolutionConfigurationPlatforms) = preSolution
		Debug|Any CPU = Debug|Any CPU
		Release|Any CPU = Release|Any CPU
	EndGlobalSection
	GlobalSection(ProjectConfigurationPlatforms) = postSolution
		{4F09443E-F384-4279-BE91-41F0E8CE0C6B}.Debug|Any CPU.ActiveCfg = Debug|Any CPU
		{4F09443E-F384-4279-BE91-41F0E8CE0C6B}.Debug|Any CPU.Build.0 = Debug|Any CPU
		{4F09443E-F384-4279-BE91-41F0E8CE0C6B}.Release|Any CPU.ActiveCfg = Release|Any CPU
		{4F09443E-F384-4279-BE91-41F0E8CE0C6B}.Release|Any CPU.Build.0 = Release|Any CPU
	EndGlobalSection
	GlobalSection(SolutionProperties) = preSolution
		HideSolutionNode = FALSE
	EndGlobalSection
	GlobalSection(ExtensibilityGlobals) = postSolution
		SolutionGuid = {4113B55C-DB34-4984-A2CD-D74B0E980CBA}
	EndGlobalSection
EndGlobal
