
Microsoft Visual Studio Solution File, Format Version 12.00
# Visual Studio Version 16
VisualStudioVersion = 16.0.30225.117
MinimumVisualStudioVersion = 10.0.40219.1
Project("{FAE04EC0-301F-11D3-BF4B-00C04F79EFBC}") = "Lupta_virtuala", "Lupta_virtuala\Lupta_virtuala.csproj", "{EE139D08-2FFC-4CDE-9335-3955F3F58BDD}"
EndProject
Global
	GlobalSection(SolutionConfigurationPlatforms) = preSolution
		Debug|Any CPU = Debug|Any CPU
		Release|Any CPU = Release|Any CPU
	EndGlobalSection
	GlobalSection(ProjectConfigurationPlatforms) = postSolution
		{EE139D08-2FFC-4CDE-9335-3955F3F58BDD}.Debug|Any CPU.ActiveCfg = Debug|Any CPU
		{EE139D08-2FFC-4CDE-9335-3955F3F58BDD}.Debug|Any CPU.Build.0 = Debug|Any CPU
		{EE139D08-2FFC-4CDE-9335-3955F3F58BDD}.Release|Any CPU.ActiveCfg = Release|Any CPU
		{EE139D08-2FFC-4CDE-9335-3955F3F58BDD}.Release|Any CPU.Build.0 = Release|Any CPU
	EndGlobalSection
	GlobalSection(SolutionProperties) = preSolution
		HideSolutionNode = FALSE
	EndGlobalSection
	GlobalSection(ExtensibilityGlobals) = postSolution
		SolutionGuid = {FE4B2407-6DFF-4559-AD5E-BF7A61C12B4B}
	EndGlobalSection
EndGlobal
