
Microsoft Visual Studio Solution File, Format Version 12.00
# Visual Studio Version 16
VisualStudioVersion = 16.0.30225.117
MinimumVisualStudioVersion = 10.0.40219.1
Project("{FAE04EC0-301F-11D3-BF4B-00C04F79EFBC}") = "mosterine_polimorfism", "mosterine_polimorfism\mosterine_polimorfism.csproj", "{F18C3E4A-05AC-4EA1-80A0-1900C04FC658}"
EndProject
Global
	GlobalSection(SolutionConfigurationPlatforms) = preSolution
		Debug|Any CPU = Debug|Any CPU
		Release|Any CPU = Release|Any CPU
	EndGlobalSection
	GlobalSection(ProjectConfigurationPlatforms) = postSolution
		{F18C3E4A-05AC-4EA1-80A0-1900C04FC658}.Debug|Any CPU.ActiveCfg = Debug|Any CPU
		{F18C3E4A-05AC-4EA1-80A0-1900C04FC658}.Debug|Any CPU.Build.0 = Debug|Any CPU
		{F18C3E4A-05AC-4EA1-80A0-1900C04FC658}.Release|Any CPU.ActiveCfg = Release|Any CPU
		{F18C3E4A-05AC-4EA1-80A0-1900C04FC658}.Release|Any CPU.Build.0 = Release|Any CPU
	EndGlobalSection
	GlobalSection(SolutionProperties) = preSolution
		HideSolutionNode = FALSE
	EndGlobalSection
	GlobalSection(ExtensibilityGlobals) = postSolution
		SolutionGuid = {506A40BC-7631-4126-B70C-19F6B913B4E1}
	EndGlobalSection
EndGlobal
