
Microsoft Visual Studio Solution File, Format Version 12.00
# Visual Studio Version 16
VisualStudioVersion = 16.0.30225.117
MinimumVisualStudioVersion = 10.0.40219.1
Project("{FAE04EC0-301F-11D3-BF4B-00C04F79EFBC}") = "exception_loop", "exception_loop\exception_loop.csproj", "{044D3132-ED08-4D9E-B549-0BAA1837F9C9}"
EndProject
Global
	GlobalSection(SolutionConfigurationPlatforms) = preSolution
		Debug|Any CPU = Debug|Any CPU
		Release|Any CPU = Release|Any CPU
	EndGlobalSection
	GlobalSection(ProjectConfigurationPlatforms) = postSolution
		{044D3132-ED08-4D9E-B549-0BAA1837F9C9}.Debug|Any CPU.ActiveCfg = Debug|Any CPU
		{044D3132-ED08-4D9E-B549-0BAA1837F9C9}.Debug|Any CPU.Build.0 = Debug|Any CPU
		{044D3132-ED08-4D9E-B549-0BAA1837F9C9}.Release|Any CPU.ActiveCfg = Release|Any CPU
		{044D3132-ED08-4D9E-B549-0BAA1837F9C9}.Release|Any CPU.Build.0 = Release|Any CPU
	EndGlobalSection
	GlobalSection(SolutionProperties) = preSolution
		HideSolutionNode = FALSE
	EndGlobalSection
	GlobalSection(ExtensibilityGlobals) = postSolution
		SolutionGuid = {DB87DE76-B7D2-4494-AFB4-738A82DE1C73}
	EndGlobalSection
EndGlobal
